Microsoft Visual Studio Solution File, Format Version 12.00
# Visual Studio 2012
Project("{FAE04EC0-301F-11D3-BF4B-00C04F79EFBC}") = "Space Shooter", "Space Shooter.csproj", "{6FC63CF9-F821-4E90-BBD6-0E6F75941530}"
EndProject
Global
	GlobalSection(SolutionConfigurationPlatforms) = preSolution
	Debug|Any CPU = Debug|Any CPU
	ExportDebug|Any CPU = ExportDebug|Any CPU
	ExportRelease|Any CPU = ExportRelease|Any CPU
	EndGlobalSection
	GlobalSection(ProjectConfigurationPlatforms) = postSolution
		{6FC63CF9-F821-4E90-BBD6-0E6F75941530}.Debug|Any CPU.ActiveCfg = Debug|Any CPU
		{6FC63CF9-F821-4E90-BBD6-0E6F75941530}.Debug|Any CPU.Build.0 = Debug|Any CPU
		{6FC63CF9-F821-4E90-BBD6-0E6F75941530}.ExportDebug|Any CPU.ActiveCfg = ExportDebug|Any CPU
		{6FC63CF9-F821-4E90-BBD6-0E6F75941530}.ExportDebug|Any CPU.Build.0 = ExportDebug|Any CPU
		{6FC63CF9-F821-4E90-BBD6-0E6F75941530}.ExportRelease|Any CPU.ActiveCfg = ExportRelease|Any CPU
		{6FC63CF9-F821-4E90-BBD6-0E6F75941530}.ExportRelease|Any CPU.Build.0 = ExportRelease|Any CPU
	EndGlobalSection
EndGlobal
